
Microsoft Visual Studio Solution File, Format Version 12.00
# Visual Studio Version 16
VisualStudioVersion = 16.0.30114.105
MinimumVisualStudioVersion = 10.0.40219.1
Project("{FAE04EC0-301F-11D3-BF4B-00C04F79EFBC}") = "WhiskeyClub.Website.FrontEnd", "WhiskeyClub.Website.FrontEnd\WhiskeyClub.Website.FrontEnd.csproj", "{1DCF80F2-26F9-4758-8C87-3EB17CCB7635}"
EndProject
Project("{FAE04EC0-301F-11D3-BF4B-00C04F79EFBC}") = "WhiskeyClub_Website_Functions", "WhiskeyClub.Website.Functions\WhiskeyClub_Website_Functions.csproj", "{B92B8FC5-5317-4190-AEEF-D80292E39047}"
EndProject
Global
	GlobalSection(SolutionConfigurationPlatforms) = preSolution
		Debug|Any CPU = Debug|Any CPU
		Release|Any CPU = Release|Any CPU
	EndGlobalSection
	GlobalSection(SolutionProperties) = preSolution
		HideSolutionNode = FALSE
	EndGlobalSection
	GlobalSection(ProjectConfigurationPlatforms) = postSolution
		{1DCF80F2-26F9-4758-8C87-3EB17CCB7635}.Debug|Any CPU.ActiveCfg = Debug|Any CPU
		{1DCF80F2-26F9-4758-8C87-3EB17CCB7635}.Debug|Any CPU.Build.0 = Debug|Any CPU
		{1DCF80F2-26F9-4758-8C87-3EB17CCB7635}.Release|Any CPU.ActiveCfg = Release|Any CPU
		{1DCF80F2-26F9-4758-8C87-3EB17CCB7635}.Release|Any CPU.Build.0 = Release|Any CPU
		{B92B8FC5-5317-4190-AEEF-D80292E39047}.Debug|Any CPU.ActiveCfg = Debug|Any CPU
		{B92B8FC5-5317-4190-AEEF-D80292E39047}.Debug|Any CPU.Build.0 = Debug|Any CPU
		{B92B8FC5-5317-4190-AEEF-D80292E39047}.Release|Any CPU.ActiveCfg = Release|Any CPU
		{B92B8FC5-5317-4190-AEEF-D80292E39047}.Release|Any CPU.Build.0 = Release|Any CPU
	EndGlobalSection
EndGlobal
